version = 1
projectResolutionFingerprint = "sha256:11a6dde2e0158e52849fbd0126673d99cd6d430a0ad32edce0be4b6df843a381"
projectResolutionInputFingerprints = ["dependencies.api=sha256:4ce39b687df3a02e2eb24d4b1b2d55903971a2cfeb8593fba3cb52c81fd3bd9c", "dependencies.compile.workspace=sha256:e50a746bee5089ba8fe8bbe8732af9e4fd39f359abe96d35fcb5ac6d8f382070", "dependencies.compile=sha256:ff84fa7b7a416746662ce10d9ec1cec2553f43cca30569ac127e92bbb1dcc546", "dependencies.provided=sha256:fb1d589a350c36415cc1f7ab6f5efe21de446b82ef4f93d2562b248243479fe7", "dependencies.test=sha256:d37ad981d555fa84e84870a6273244956c9f63ef8f0b0af06165dee874fa02d8", "dependencyMetadata=sha256:cdc704285703fc71a1707e5059aebf9f5748acd917f12084b12d26ad88011dd1", "framework.quarkus=sha256:1a03038e3b6c11a6598e959b5526786bc942bd2d0e7cb6aec2401dcd36bafc1b", "framework.springBoot.native=sha256:cf597ee2519b656c8bdeb8a1aaaf81b8c9da20d7b82a94cb0643edd20e98e19f", "java=sha256:c822ebc7e176990dd66771c2496f47b8ee0f6451df7ddfa87c44aebff0a6edf6", "package=sha256:2749c690c9704c4c4ffc0cf47a88263a7341b3e9e7b1eb64da57c527dd91a24a", "repositories=sha256:799032c8cf536aacc8d4dd13962887d60e72dc4a4c3f4da0bd018f4a301ed451", "schema=sha256:8bc527af269ce6e00194239e0204a133eccebadb631fb736c0e3e63d92dc5e2b"]

[[package]]
id = "info.picocli:picocli"
version = "4.7.6"
source = "maven-central"
scope = "compile"
direct = true
jar = "info/picocli/picocli/4.7.6/picocli-4.7.6.jar"
pom = "info/picocli/picocli/4.7.6/picocli-4.7.6.pom"
jarSha256 = "ed441183f309b93f104ca9e071e314a4062a893184e18a3c7ad72ec9cba12ba0"
pomSha256 = "2d2248cccf487ad9ce208dec751745df15cd1e1924a4cc3d36841b5f1990c6fb"
members = ["apps/zolt"]
dependencies = []

[[package]]
id = "io.quarkus:quarkus-arc-deployment"
version = "3.33.2"
source = "maven-central"
scope = "test"
direct = true
jar = "io/quarkus/quarkus-arc-deployment/3.33.2/quarkus-arc-deployment-3.33.2.jar"
pom = "io/quarkus/quarkus-arc-deployment/3.33.2/quarkus-arc-deployment-3.33.2.pom"
jarSha256 = "b5f3b13d27990c39d7871b4dc55c508f2713be1a494f91cc27cabd21ce856b18"
pomSha256 = "c489d9aaea146a14e82648f7ad9b0da1aa351666a6a21e38aadf5e24fdaaffa6"
members = ["modules/zolt-quarkus"]
dependencies = []

[[package]]
id = "io.quarkus:quarkus-bootstrap-app-model"
version = "3.33.2"
source = "maven-central"
scope = "test"
direct = true
jar = "io/quarkus/quarkus-bootstrap-app-model/3.33.2/quarkus-bootstrap-app-model-3.33.2.jar"
pom = "io/quarkus/quarkus-bootstrap-app-model/3.33.2/quarkus-bootstrap-app-model-3.33.2.pom"
jarSha256 = "ae18db1cbbc62f8ffe8b2542d49ea39c4199a44998cc1659c4b6c2659a0ae83c"
pomSha256 = "645856e7097ebf3ad65f487b65af1eff735d4ea964e278044963c06ca7f1b963"
members = ["modules/zolt-quarkus"]
dependencies = []

[[package]]
id = "io.quarkus:quarkus-builder"
version = "3.33.2"
source = "maven-central"
scope = "provided"
direct = true
jar = "io/quarkus/quarkus-builder/3.33.2/quarkus-builder-3.33.2.jar"
pom = "io/quarkus/quarkus-builder/3.33.2/quarkus-builder-3.33.2.pom"
jarSha256 = "2f10a8ee6d5ecfa0fc4b4d51f9ab0c2def7ec879128ce6f999ce9aa1b4ec4928"
pomSha256 = "8676462f2559cd6e51bff0e50afda15396a55ad9897ba1d7b9bdc6550cff6164"
members = ["modules/zolt-quarkus"]
dependencies = []

[[package]]
id = "io.quarkus:quarkus-core-deployment"
version = "3.33.2"
source = "maven-central"
scope = "provided"
direct = true
jar = "io/quarkus/quarkus-core-deployment/3.33.2/quarkus-core-deployment-3.33.2.jar"
pom = "io/quarkus/quarkus-core-deployment/3.33.2/quarkus-core-deployment-3.33.2.pom"
jarSha256 = "d73e8090cd13594f5e7ef7f9e8f5a5bbc2d1d7ba39f549b3814fff2498f144a0"
pomSha256 = "027af06e691fc12e1eeaedb3a9938a9a4e2cd6002b3c21f673b98244f02f4fad"
members = ["modules/zolt-quarkus"]
dependencies = []

[[package]]
id = "io.quarkus:quarkus-fs-util"
version = "1.3.0"
source = "maven-central"
scope = "test"
direct = true
jar = "io/quarkus/quarkus-fs-util/1.3.0/quarkus-fs-util-1.3.0.jar"
pom = "io/quarkus/quarkus-fs-util/1.3.0/quarkus-fs-util-1.3.0.pom"
jarSha256 = "2a0c445126cd72fc79b309ca2aea7a6e11ca7d16b39e5f9a755cc7c91a3dd394"
pomSha256 = "346647dc79e18793d2088155d6caed9a3f921586cf081b5e3a0ff036b1aff75c"
members = ["modules/zolt-quarkus"]
dependencies = []

[[package]]
id = "io.quarkus:quarkus-junit"
version = "3.33.2"
source = "maven-central"
scope = "provided"
direct = true
jar = "io/quarkus/quarkus-junit/3.33.2/quarkus-junit-3.33.2.jar"
pom = "io/quarkus/quarkus-junit/3.33.2/quarkus-junit-3.33.2.pom"
jarSha256 = "3ffe1fcae45fe825b2359764a19635c2fc34793465d89712ff44b9b845f8e5dd"
pomSha256 = "a0d599ce2e2c0eeeddbffb994a92d0805252a0dc081afbdd7a1a8df011b0f4a5"
members = ["modules/zolt-quarkus"]
dependencies = []

[[package]]
id = "io.quarkus:quarkus-test-common"
version = "3.33.2"
source = "maven-central"
scope = "test"
direct = true
jar = "io/quarkus/quarkus-test-common/3.33.2/quarkus-test-common-3.33.2.jar"
pom = "io/quarkus/quarkus-test-common/3.33.2/quarkus-test-common-3.33.2.pom"
jarSha256 = "83ec16151ef25b7cdbd238a712ea4acf23833ee7c9c7f3039b503d09c356f936"
pomSha256 = "9f0abd78d496160c209efe866deb89fe343caa2ac733feb117d38f2ff97dc3b2"
members = ["modules/zolt-quarkus"]
dependencies = []

[[package]]
id = "io.smallrye:jandex"
version = "3.5.3"
source = "maven-central"
scope = "provided"
direct = true
jar = "io/smallrye/jandex/3.5.3/jandex-3.5.3.jar"
pom = "io/smallrye/jandex/3.5.3/jandex-3.5.3.pom"
jarSha256 = "45c2bf6d360cd9d4cb836273af712c5f9734e04b592030c12ac04601e60578a3"
pomSha256 = "47c886cb6c896a178c98b09be28db9571dc8e827d91efeb0004086e44163bb76"
members = ["modules/zolt-quarkus"]
dependencies = []

[[package]]
id = "org.antlr:antlr4-runtime"
version = "4.11.1"
source = "maven-central"
scope = "runtime"
direct = false
jar = "org/antlr/antlr4-runtime/4.11.1/antlr4-runtime-4.11.1.jar"
pom = "org/antlr/antlr4-runtime/4.11.1/antlr4-runtime-4.11.1.pom"
jarSha256 = "e06c6553c1ccc14d36052ec4b0fc6f13b808cf957b5b1dc3f61bf401996ada59"
pomSha256 = "c456ec2959078c591fbd7ef69ad9400a727920068d746989c74ab804ed681b34"
members = ["modules/zolt-config", "modules/zolt-explain", "modules/zolt-toml"]
dependencies = []

[[package]]
id = "org.checkerframework:checker-qual"
version = "3.21.2"
source = "maven-central"
scope = "runtime"
direct = false
jar = "org/checkerframework/checker-qual/3.21.2/checker-qual-3.21.2.jar"
pom = "org/checkerframework/checker-qual/3.21.2/checker-qual-3.21.2.pom"
jarSha256 = "7e8554c902b9b839e61396cfe3a64c84ecabfb8eb652c410bfd8e4f5c1a8ece8"
pomSha256 = "81c7d4709177f65a40bcd584d89a857f1ac389c545c5ae6940cb6f143723a395"
members = ["modules/zolt-config", "modules/zolt-explain", "modules/zolt-toml"]
dependencies = []

[[package]]
id = "org.junit.platform:junit-platform-console-standalone"
version = "1.11.4"
source = "maven-central"
scope = "test"
direct = true
jar = "org/junit/platform/junit-platform-console-standalone/1.11.4/junit-platform-console-standalone-1.11.4.jar"
pom = "org/junit/platform/junit-platform-console-standalone/1.11.4/junit-platform-console-standalone-1.11.4.pom"
jarSha256 = "b016ef6b1c3454d6d7c2c88ce081dabf289699686af6622d6e4e2e1b54b4a2fc"
pomSha256 = "f44619c18edb94360cc382e6baf943e9300625d1a0a949ee158977eace5713d1"
members = ["apps/zolt", "apps/zolt-javac-worker", "apps/zolt-junit-worker", "modules/zolt-build", "modules/zolt-config", "modules/zolt-explain", "modules/zolt-framework-api", "modules/zolt-ide", "modules/zolt-init", "modules/zolt-junit-client", "modules/zolt-model", "modules/zolt-native-image", "modules/zolt-plan", "modules/zolt-policy", "modules/zolt-publish", "modules/zolt-quality", "modules/zolt-quarkus", "modules/zolt-release", "modules/zolt-repository", "modules/zolt-resolve", "modules/zolt-sbom", "modules/zolt-selfhost", "modules/zolt-test-model", "modules/zolt-test-runtime", "modules/zolt-toml", "modules/zolt-toolchain", "modules/zolt-tree", "modules/zolt-update", "modules/zolt-workspace"]
dependencies = []

[[package]]
id = "org.tomlj:tomlj"
version = "1.1.1"
source = "maven-central"
scope = "compile"
direct = true
jar = "org/tomlj/tomlj/1.1.1/tomlj-1.1.1.jar"
pom = "org/tomlj/tomlj/1.1.1/tomlj-1.1.1.pom"
jarSha256 = "383b7c66966c42ee4913ec977a7b6573631866bddc5318ec4a6215b688dd0d6c"
pomSha256 = "1393089af1f9260c004c22313197cae9db1385ccbb30499a82d5a931d1762f66"
members = ["modules/zolt-config", "modules/zolt-explain", "modules/zolt-toml"]
exportedBy = ["modules/zolt-toml"]
dependencies = ["org.antlr:antlr4-runtime:4.11.1", "org.checkerframework:checker-qual:3.21.2"]

[[package]]
id = "org.wildfly.common:wildfly-common"
version = "2.0.1"
source = "maven-central"
scope = "test"
direct = true
jar = "org/wildfly/common/wildfly-common/2.0.1/wildfly-common-2.0.1.jar"
pom = "org/wildfly/common/wildfly-common/2.0.1/wildfly-common-2.0.1.pom"
jarSha256 = "fa4a710db7ae3e598a5f41639eb54e9f7b09de5fd0f58f56bd6070f21d956374"
pomSha256 = "c96c922497c28c9c66edbada7b8a1d19824926bd41fe1d4b10c27ba6c66c65f3"
members = ["modules/zolt-quarkus"]
dependencies = []

[[package]]
id = "sh.zolt:zolt-build"
version = "0.1.0-SNAPSHOT"
source = "workspace"
scope = "compile"
direct = true
workspace = "modules/zolt-build"
workspaceOutput = "target/classes"
members = ["apps/zolt", "modules/zolt-ide", "modules/zolt-native-image", "modules/zolt-plan", "modules/zolt-publish", "modules/zolt-quality", "modules/zolt-quarkus", "modules/zolt-selfhost", "modules/zolt-test-runtime", "modules/zolt-workspace"]
dependencies = []

[[package]]
id = "sh.zolt:zolt-config"
version = "0.1.0-SNAPSHOT"
source = "workspace"
scope = "compile"
direct = true
workspace = "modules/zolt-config"
workspaceOutput = "target/classes"
members = ["apps/zolt"]
dependencies = []

[[package]]
id = "sh.zolt:zolt-explain"
version = "0.1.0-SNAPSHOT"
source = "workspace"
scope = "compile"
direct = true
workspace = "modules/zolt-explain"
workspaceOutput = "target/classes"
members = ["apps/zolt"]
dependencies = []

[[package]]
id = "sh.zolt:zolt-framework-api"
version = "0.1.0-SNAPSHOT"
source = "workspace"
scope = "compile"
direct = true
workspace = "modules/zolt-framework-api"
workspaceOutput = "target/classes"
members = ["apps/zolt", "modules/zolt-build", "modules/zolt-quarkus", "modules/zolt-test-runtime", "modules/zolt-workspace"]
dependencies = []

[[package]]
id = "sh.zolt:zolt-ide"
version = "0.1.0-SNAPSHOT"
source = "workspace"
scope = "compile"
direct = true
workspace = "modules/zolt-ide"
workspaceOutput = "target/classes"
members = ["apps/zolt", "modules/zolt-quarkus"]
dependencies = []

[[package]]
id = "sh.zolt:zolt-init"
version = "0.1.0-SNAPSHOT"
source = "workspace"
scope = "compile"
direct = true
workspace = "modules/zolt-init"
workspaceOutput = "target/classes"
members = ["apps/zolt"]
dependencies = []

[[package]]
id = "sh.zolt:zolt-junit-client"
version = "0.1.0-SNAPSHOT"
source = "workspace"
scope = "compile"
direct = true
workspace = "modules/zolt-junit-client"
workspaceOutput = "target/classes"
members = ["apps/zolt-junit-worker", "modules/zolt-build", "modules/zolt-test-runtime"]
dependencies = []

[[package]]
id = "sh.zolt:zolt-model"
version = "0.1.0-SNAPSHOT"
source = "workspace"
scope = "compile"
direct = true
workspace = "modules/zolt-model"
workspaceOutput = "target/classes"
members = ["apps/zolt", "apps/zolt-junit-worker", "modules/zolt-build", "modules/zolt-config", "modules/zolt-explain", "modules/zolt-framework-api", "modules/zolt-ide", "modules/zolt-init", "modules/zolt-native-image", "modules/zolt-plan", "modules/zolt-policy", "modules/zolt-publish", "modules/zolt-quality", "modules/zolt-quarkus", "modules/zolt-release", "modules/zolt-repository", "modules/zolt-resolve", "modules/zolt-sbom", "modules/zolt-selfhost", "modules/zolt-test-model", "modules/zolt-test-runtime", "modules/zolt-toml", "modules/zolt-toolchain", "modules/zolt-tree", "modules/zolt-update", "modules/zolt-workspace"]
dependencies = []

[[package]]
id = "sh.zolt:zolt-native-image"
version = "0.1.0-SNAPSHOT"
source = "workspace"
scope = "compile"
direct = true
workspace = "modules/zolt-native-image"
workspaceOutput = "target/classes"
members = ["apps/zolt", "modules/zolt-selfhost", "modules/zolt-workspace"]
dependencies = []

[[package]]
id = "sh.zolt:zolt-plan"
version = "0.1.0-SNAPSHOT"
source = "workspace"
scope = "compile"
direct = true
workspace = "modules/zolt-plan"
workspaceOutput = "target/classes"
members = ["apps/zolt"]
dependencies = []

[[package]]
id = "sh.zolt:zolt-policy"
version = "0.1.0-SNAPSHOT"
source = "workspace"
scope = "compile"
direct = true
workspace = "modules/zolt-policy"
workspaceOutput = "target/classes"
members = ["apps/zolt", "modules/zolt-quality"]
dependencies = []

[[package]]
id = "sh.zolt:zolt-publish"
version = "0.1.0-SNAPSHOT"
source = "workspace"
scope = "compile"
direct = true
workspace = "modules/zolt-publish"
workspaceOutput = "target/classes"
members = ["apps/zolt", "modules/zolt-quality", "modules/zolt-workspace"]
dependencies = []

[[package]]
id = "sh.zolt:zolt-quality"
version = "0.1.0-SNAPSHOT"
source = "workspace"
scope = "compile"
direct = true
workspace = "modules/zolt-quality"
workspaceOutput = "target/classes"
members = ["apps/zolt"]
dependencies = []

[[package]]
id = "sh.zolt:zolt-quarkus"
version = "0.1.0-SNAPSHOT"
source = "workspace"
scope = "compile"
direct = true
workspace = "modules/zolt-quarkus"
workspaceOutput = "target/classes"
members = ["apps/zolt"]
dependencies = []

[[package]]
id = "sh.zolt:zolt-release"
version = "0.1.0-SNAPSHOT"
source = "workspace"
scope = "compile"
direct = true
workspace = "modules/zolt-release"
workspaceOutput = "target/classes"
members = ["apps/zolt"]
dependencies = []

[[package]]
id = "sh.zolt:zolt-repository"
version = "0.1.0-SNAPSHOT"
source = "workspace"
scope = "compile"
direct = true
workspace = "modules/zolt-repository"
workspaceOutput = "target/classes"
members = ["apps/zolt", "modules/zolt-build", "modules/zolt-explain", "modules/zolt-ide", "modules/zolt-publish", "modules/zolt-quality", "modules/zolt-quarkus", "modules/zolt-resolve", "modules/zolt-sbom", "modules/zolt-update"]
dependencies = []

[[package]]
id = "sh.zolt:zolt-resolve"
version = "0.1.0-SNAPSHOT"
source = "workspace"
scope = "compile"
direct = true
workspace = "modules/zolt-resolve"
workspaceOutput = "target/classes"
members = ["apps/zolt", "modules/zolt-build", "modules/zolt-explain", "modules/zolt-ide", "modules/zolt-quality", "modules/zolt-quarkus", "modules/zolt-selfhost", "modules/zolt-test-runtime", "modules/zolt-workspace"]
dependencies = []

[[package]]
id = "sh.zolt:zolt-sbom"
version = "0.1.0-SNAPSHOT"
source = "workspace"
scope = "compile"
direct = true
workspace = "modules/zolt-sbom"
workspaceOutput = "target/classes"
members = ["apps/zolt", "modules/zolt-quality"]
dependencies = []

[[package]]
id = "sh.zolt:zolt-selfhost"
version = "0.1.0-SNAPSHOT"
source = "workspace"
scope = "compile"
direct = true
workspace = "modules/zolt-selfhost"
workspaceOutput = "target/classes"
members = ["apps/zolt"]
dependencies = []

[[package]]
id = "sh.zolt:zolt-test-model"
version = "0.1.0-SNAPSHOT"
source = "workspace"
scope = "compile"
direct = true
workspace = "modules/zolt-test-model"
workspaceOutput = "target/classes"
members = ["apps/zolt", "apps/zolt-junit-worker", "modules/zolt-build", "modules/zolt-junit-client", "modules/zolt-quarkus", "modules/zolt-test-runtime", "modules/zolt-workspace"]
dependencies = []

[[package]]
id = "sh.zolt:zolt-test-runtime"
version = "0.1.0-SNAPSHOT"
source = "workspace"
scope = "compile"
direct = true
workspace = "modules/zolt-test-runtime"
workspaceOutput = "target/classes"
members = ["apps/zolt", "modules/zolt-selfhost", "modules/zolt-workspace"]
dependencies = []

[[package]]
id = "sh.zolt:zolt-toml"
version = "0.1.0-SNAPSHOT"
source = "workspace"
scope = "compile"
direct = true
workspace = "modules/zolt-toml"
workspaceOutput = "target/classes"
members = ["apps/zolt", "modules/zolt-build", "modules/zolt-ide", "modules/zolt-init", "modules/zolt-native-image", "modules/zolt-plan", "modules/zolt-policy", "modules/zolt-publish", "modules/zolt-quality", "modules/zolt-quarkus", "modules/zolt-resolve", "modules/zolt-sbom", "modules/zolt-selfhost", "modules/zolt-test-runtime", "modules/zolt-toolchain", "modules/zolt-update", "modules/zolt-workspace"]
dependencies = []

[[package]]
id = "sh.zolt:zolt-toolchain"
version = "0.1.0-SNAPSHOT"
source = "workspace"
scope = "compile"
direct = true
workspace = "modules/zolt-toolchain"
workspaceOutput = "target/classes"
members = ["apps/zolt"]
dependencies = []

[[package]]
id = "sh.zolt:zolt-tree"
version = "0.1.0-SNAPSHOT"
source = "workspace"
scope = "compile"
direct = true
workspace = "modules/zolt-tree"
workspaceOutput = "target/classes"
members = ["apps/zolt"]
dependencies = []

[[package]]
id = "sh.zolt:zolt-update"
version = "0.1.0-SNAPSHOT"
source = "workspace"
scope = "compile"
direct = true
workspace = "modules/zolt-update"
workspaceOutput = "target/classes"
members = ["apps/zolt"]
dependencies = []

[[package]]
id = "sh.zolt:zolt-workspace"
version = "0.1.0-SNAPSHOT"
source = "workspace"
scope = "compile"
direct = true
workspace = "modules/zolt-workspace"
workspaceOutput = "target/classes"
members = ["apps/zolt", "modules/zolt-ide", "modules/zolt-quality", "modules/zolt-selfhost"]
dependencies = []

[[policy]]
kind = "edge-exclusion"
id = "commons-io:commons-io"
requested = "2.21.0"
source = "io.quarkus:quarkus-test-common:3.33.2"
policy = "dependency edge exclusion from io.quarkus:quarkus-test-common:3.33.2 to commons-io:commons-io"

[[policy]]
kind = "edge-exclusion"
id = "io.quarkus.arc:arc-processor"
requested = "3.33.2"
source = "io.quarkus:quarkus-arc-deployment:3.33.2"
policy = "dependency edge exclusion from io.quarkus:quarkus-arc-deployment:3.33.2 to io.quarkus.arc:arc-processor"

[[policy]]
kind = "edge-exclusion"
id = "io.quarkus:quarkus-arc-dev"
requested = "3.33.2"
source = "io.quarkus:quarkus-arc-deployment:3.33.2"
policy = "dependency edge exclusion from io.quarkus:quarkus-arc-deployment:3.33.2 to io.quarkus:quarkus-arc-dev"

[[policy]]
kind = "edge-exclusion"
id = "io.quarkus:quarkus-arc-test-supplement-decorator"
requested = "3.33.2"
source = "io.quarkus:quarkus-arc-deployment:3.33.2"
policy = "dependency edge exclusion from io.quarkus:quarkus-arc-deployment:3.33.2 to io.quarkus:quarkus-arc-test-supplement-decorator"

[[policy]]
kind = "edge-exclusion"
id = "io.quarkus:quarkus-arc-test-supplement"
requested = "3.33.2"
source = "io.quarkus:quarkus-arc-deployment:3.33.2"
policy = "dependency edge exclusion from io.quarkus:quarkus-arc-deployment:3.33.2 to io.quarkus:quarkus-arc-test-supplement"

[[policy]]
kind = "edge-exclusion"
id = "io.quarkus:quarkus-arc"
requested = "3.33.2"
source = "io.quarkus:quarkus-arc-deployment:3.33.2"
policy = "dependency edge exclusion from io.quarkus:quarkus-arc-deployment:3.33.2 to io.quarkus:quarkus-arc"

[[policy]]
kind = "edge-exclusion"
id = "io.quarkus:quarkus-bootstrap-gradle-resolver"
requested = "3.33.2"
source = "io.quarkus:quarkus-test-common:3.33.2"
policy = "dependency edge exclusion from io.quarkus:quarkus-test-common:3.33.2 to io.quarkus:quarkus-bootstrap-gradle-resolver"

[[policy]]
kind = "edge-exclusion"
id = "io.quarkus:quarkus-bootstrap-maven-resolver"
requested = "3.33.2"
source = "io.quarkus:quarkus-test-common:3.33.2"
policy = "dependency edge exclusion from io.quarkus:quarkus-test-common:3.33.2 to io.quarkus:quarkus-bootstrap-maven-resolver"

[[policy]]
kind = "edge-exclusion"
id = "io.quarkus:quarkus-core-deployment"
requested = "3.33.2"
source = "io.quarkus:quarkus-arc-deployment:3.33.2"
policy = "dependency edge exclusion from io.quarkus:quarkus-arc-deployment:3.33.2 to io.quarkus:quarkus-core-deployment"

[[policy]]
kind = "edge-exclusion"
id = "io.quarkus:quarkus-core-deployment"
requested = "3.33.2"
source = "io.quarkus:quarkus-test-common:3.33.2"
policy = "dependency edge exclusion from io.quarkus:quarkus-test-common:3.33.2 to io.quarkus:quarkus-core-deployment"

[[policy]]
kind = "edge-exclusion"
id = "io.quarkus:quarkus-devui-deployment-spi"
requested = "3.33.2"
source = "io.quarkus:quarkus-arc-deployment:3.33.2"
policy = "dependency edge exclusion from io.quarkus:quarkus-arc-deployment:3.33.2 to io.quarkus:quarkus-devui-deployment-spi"

[[policy]]
kind = "edge-exclusion"
id = "io.quarkus:quarkus-fs-util"
requested = "1.3.0"
source = "io.quarkus:quarkus-bootstrap-app-model:3.33.2"
policy = "dependency edge exclusion from io.quarkus:quarkus-bootstrap-app-model:3.33.2 to io.quarkus:quarkus-fs-util"

[[policy]]
kind = "edge-exclusion"
id = "io.quarkus:quarkus-smallrye-context-propagation-spi"
requested = "3.33.2"
source = "io.quarkus:quarkus-arc-deployment:3.33.2"
policy = "dependency edge exclusion from io.quarkus:quarkus-arc-deployment:3.33.2 to io.quarkus:quarkus-smallrye-context-propagation-spi"

[[policy]]
kind = "edge-exclusion"
id = "io.smallrye.common:smallrye-common-cpu"
requested = "2.4.0"
source = "org.wildfly.common:wildfly-common:2.0.1"
policy = "dependency edge exclusion from org.wildfly.common:wildfly-common:2.0.1 to io.smallrye.common:smallrye-common-cpu"

[[policy]]
kind = "edge-exclusion"
id = "io.smallrye.common:smallrye-common-expression"
requested = "2.4.0"
source = "org.wildfly.common:wildfly-common:2.0.1"
policy = "dependency edge exclusion from org.wildfly.common:wildfly-common:2.0.1 to io.smallrye.common:smallrye-common-expression"

[[policy]]
kind = "edge-exclusion"
id = "io.smallrye.common:smallrye-common-net"
requested = "2.4.0"
source = "org.wildfly.common:wildfly-common:2.0.1"
policy = "dependency edge exclusion from org.wildfly.common:wildfly-common:2.0.1 to io.smallrye.common:smallrye-common-net"

[[policy]]
kind = "edge-exclusion"
id = "io.smallrye.common:smallrye-common-os"
requested = "2.4.0"
source = "org.wildfly.common:wildfly-common:2.0.1"
policy = "dependency edge exclusion from org.wildfly.common:wildfly-common:2.0.1 to io.smallrye.common:smallrye-common-os"

[[policy]]
kind = "edge-exclusion"
id = "io.smallrye.common:smallrye-common-ref"
requested = "2.4.0"
source = "org.wildfly.common:wildfly-common:2.0.1"
policy = "dependency edge exclusion from org.wildfly.common:wildfly-common:2.0.1 to io.smallrye.common:smallrye-common-ref"

[[policy]]
kind = "edge-exclusion"
id = "io.smallrye:jandex"
requested = "3.5.3"
source = "io.quarkus:quarkus-test-common:3.33.2"
policy = "dependency edge exclusion from io.quarkus:quarkus-test-common:3.33.2 to io.smallrye:jandex"

[[policy]]
kind = "edge-exclusion"
id = "org.jboss.logging:commons-logging-jboss-logging"
requested = "2.0.0.Final"
source = "io.quarkus:quarkus-bootstrap-app-model:3.33.2"
policy = "dependency edge exclusion from io.quarkus:quarkus-bootstrap-app-model:3.33.2 to org.jboss.logging:commons-logging-jboss-logging"

[[policy]]
kind = "edge-exclusion"
id = "org.jboss.logging:commons-logging-jboss-logging"
requested = "2.0.0.Final"
source = "io.quarkus:quarkus-test-common:3.33.2"
policy = "dependency edge exclusion from io.quarkus:quarkus-test-common:3.33.2 to org.jboss.logging:commons-logging-jboss-logging"

[[policy]]
kind = "edge-exclusion"
id = "org.jboss.logging:jboss-logging"
requested = "3.6.2.Final"
source = "io.quarkus:quarkus-bootstrap-app-model:3.33.2"
policy = "dependency edge exclusion from io.quarkus:quarkus-bootstrap-app-model:3.33.2 to org.jboss.logging:jboss-logging"

[[toolchain.java]]
id = "java-graalvm-community-21-native-image"
request.version = "21"
request.distribution = "graalvm-community"
request.features = ["native-image"]
request.policy = "require-managed"
platform.os = "linux"
platform.arch = "x64"
resolved.version = "21.0.2"
resolved.distribution = "graalvm-community"
artifact.catalog = "builtin:java-graalvm-community-21-native-image"
artifact.uri = "https://github.com/graalvm/graalvm-ce-builds/releases/download/jdk-21.0.2/graalvm-community-jdk-21.0.2_linux-x64_bin.tar.gz"
artifact.sha256 = "b048069aaa3a99b84f5b957b162cc181a32a4330cbc35402766363c5be76ae48"
layout.javaHome = "."
layout.executables.java = "bin/java"
layout.executables.javac = "bin/javac"
layout.executables.jar = "bin/jar"
layout.executables.nativeImage = "lib/svm/bin/native-image"

[[toolchain.java]]
id = "java-graalvm-community-21-native-image"
request.version = "21"
request.distribution = "graalvm-community"
request.features = ["native-image"]
request.policy = "require-managed"
platform.os = "linux"
platform.arch = "aarch64"
resolved.version = "21.0.2"
resolved.distribution = "graalvm-community"
artifact.catalog = "builtin:java-graalvm-community-21-native-image"
artifact.uri = "https://github.com/graalvm/graalvm-ce-builds/releases/download/jdk-21.0.2/graalvm-community-jdk-21.0.2_linux-aarch64_bin.tar.gz"
artifact.sha256 = "a34be691ce68f0acf4655c7c6c63a9a49ed276a11859d7224fd94fc2f657cd7a"
layout.javaHome = "."
layout.executables.java = "bin/java"
layout.executables.javac = "bin/javac"
layout.executables.jar = "bin/jar"
layout.executables.nativeImage = "lib/svm/bin/native-image"

[[toolchain.java]]
id = "java-graalvm-community-21-native-image"
request.version = "21"
request.distribution = "graalvm-community"
request.features = ["native-image"]
request.policy = "require-managed"
platform.os = "macos"
platform.arch = "x64"
resolved.version = "21.0.2"
resolved.distribution = "graalvm-community"
artifact.catalog = "builtin:java-graalvm-community-21-native-image"
artifact.uri = "https://github.com/graalvm/graalvm-ce-builds/releases/download/jdk-21.0.2/graalvm-community-jdk-21.0.2_macos-x64_bin.tar.gz"
artifact.sha256 = "7a8aa93fa45d1721908477abf4732a32637d420ffcb66ada9fb6456440b0d9e1"
layout.javaHome = "Contents/Home"
layout.executables.java = "bin/java"
layout.executables.javac = "bin/javac"
layout.executables.jar = "bin/jar"
layout.executables.nativeImage = "lib/svm/bin/native-image"

[[toolchain.java]]
id = "java-graalvm-community-21-native-image"
request.version = "21"
request.distribution = "graalvm-community"
request.features = ["native-image"]
request.policy = "require-managed"
platform.os = "macos"
platform.arch = "aarch64"
resolved.version = "21.0.2"
resolved.distribution = "graalvm-community"
artifact.catalog = "builtin:java-graalvm-community-21-native-image"
artifact.uri = "https://github.com/graalvm/graalvm-ce-builds/releases/download/jdk-21.0.2/graalvm-community-jdk-21.0.2_macos-aarch64_bin.tar.gz"
artifact.sha256 = "515e3a93acc7e1938daba83eda4272e5495fd302d7cdd99ec7ebf408ed505ab7"
layout.javaHome = "Contents/Home"
layout.executables.java = "bin/java"
layout.executables.javac = "bin/javac"
layout.executables.jar = "bin/jar"
layout.executables.nativeImage = "lib/svm/bin/native-image"
