version = 1
projectResolutionFingerprint = "sha256:9dbe5da9b3bcb372fa8d5e791e84d876c3f8f7bc9b98474f4a14289ade707898"
projectResolutionInputFingerprints = ["dependencies.api=sha256:5d078c1157f8a36510629d77544b4d16b59c51d53cec04aaa2d6667d8ac252f8", "dependencies.compile.workspace=sha256:cffbec573b130f9d1c5822a7d47144a4fd6a872bfc7b722831d69b91bb591ed7", "dependencies.compile=sha256:2fb140631c8a08ea02efd2a17bcb55909cf49462890658a5d2b6df9070030330", "dependencies.provided=sha256:dc90c887515fcf8c8a599af07b9c83dd11489937d35292fd461bb9ab4a1d464d", "dependencies.test=sha256:1b833f346a776254d91b453f509238a0026a79a97ffb245800631bd334ad8e62", "framework.quarkus=sha256:46307854f6d99de4d395767187731c3c3dceb67b557d0a8a15719f70b9d3a5bf", "framework.springBoot.native=sha256:6889ad56e90671f18a4c7510a9a3969d7c4847741b49764c0074a982296fc718", "java=sha256:49996a6593a46a97dfd68e06ddeb3562f94229e1e60df4391412d861fa68b69f", "package=sha256:f23a4f68238c56c1ae3beac6d675dbfdabace08e5f2ce2fe71ac2af3e1f5f77d", "repositories=sha256:ac9020ecc8ba27e959d696acd4c00ea64ce0e723a91ccf500d2d20476de442e9", "schema=sha256:6ddfc0a747eff4d87775b4aadf96849927414a42200c180bea8833358167d76b"]

[[package]]
id = "com.zolt:zolt-build"
version = "0.1.0-SNAPSHOT"
source = "workspace"
scope = "compile"
direct = true
workspace = "modules/zolt-build"
workspaceOutput = "target/classes"
members = [".", "modules/zolt-ide", "modules/zolt-plan", "modules/zolt-publish", "modules/zolt-quality", "modules/zolt-quarkus", "modules/zolt-selfhost", "modules/zolt-workspace"]
dependencies = []

[[package]]
id = "com.zolt:zolt-config"
version = "0.1.0-SNAPSHOT"
source = "workspace"
scope = "compile"
direct = true
workspace = "modules/zolt-config"
workspaceOutput = "target/classes"
members = ["."]
dependencies = []

[[package]]
id = "com.zolt:zolt-explain"
version = "0.1.0-SNAPSHOT"
source = "workspace"
scope = "compile"
direct = true
workspace = "modules/zolt-explain"
workspaceOutput = "target/classes"
members = ["."]
dependencies = []

[[package]]
id = "com.zolt:zolt-framework-api"
version = "0.1.0-SNAPSHOT"
source = "workspace"
scope = "compile"
direct = true
workspace = "modules/zolt-framework-api"
workspaceOutput = "target/classes"
members = [".", "modules/zolt-build", "modules/zolt-quarkus", "modules/zolt-workspace"]
dependencies = []

[[package]]
id = "com.zolt:zolt-ide"
version = "0.1.0-SNAPSHOT"
source = "workspace"
scope = "compile"
direct = true
workspace = "modules/zolt-ide"
workspaceOutput = "target/classes"
members = ["."]
dependencies = []

[[package]]
id = "com.zolt:zolt-model"
version = "0.1.0-SNAPSHOT"
source = "workspace"
scope = "compile"
direct = true
workspace = "modules/zolt-model"
workspaceOutput = "target/classes"
members = [".", "modules/zolt-build", "modules/zolt-explain", "modules/zolt-framework-api", "modules/zolt-ide", "modules/zolt-plan", "modules/zolt-policy", "modules/zolt-publish", "modules/zolt-quality", "modules/zolt-quarkus", "modules/zolt-release", "modules/zolt-repository", "modules/zolt-resolve", "modules/zolt-selfhost", "modules/zolt-toml", "modules/zolt-tree", "modules/zolt-workspace"]
dependencies = []

[[package]]
id = "com.zolt:zolt-plan"
version = "0.1.0-SNAPSHOT"
source = "workspace"
scope = "compile"
direct = true
workspace = "modules/zolt-plan"
workspaceOutput = "target/classes"
members = ["."]
dependencies = []

[[package]]
id = "com.zolt:zolt-policy"
version = "0.1.0-SNAPSHOT"
source = "workspace"
scope = "compile"
direct = true
workspace = "modules/zolt-policy"
workspaceOutput = "target/classes"
members = [".", "modules/zolt-quality"]
dependencies = []

[[package]]
id = "com.zolt:zolt-publish"
version = "0.1.0-SNAPSHOT"
source = "workspace"
scope = "compile"
direct = true
workspace = "modules/zolt-publish"
workspaceOutput = "target/classes"
members = [".", "modules/zolt-quality"]
dependencies = []

[[package]]
id = "com.zolt:zolt-quality"
version = "0.1.0-SNAPSHOT"
source = "workspace"
scope = "compile"
direct = true
workspace = "modules/zolt-quality"
workspaceOutput = "target/classes"
members = ["."]
dependencies = []

[[package]]
id = "com.zolt:zolt-quarkus"
version = "0.1.0-SNAPSHOT"
source = "workspace"
scope = "compile"
direct = true
workspace = "modules/zolt-quarkus"
workspaceOutput = "target/classes"
members = ["."]
dependencies = []

[[package]]
id = "com.zolt:zolt-release"
version = "0.1.0-SNAPSHOT"
source = "workspace"
scope = "compile"
direct = true
workspace = "modules/zolt-release"
workspaceOutput = "target/classes"
members = ["."]
dependencies = []

[[package]]
id = "com.zolt:zolt-repository"
version = "0.1.0-SNAPSHOT"
source = "workspace"
scope = "compile"
direct = true
workspace = "modules/zolt-repository"
workspaceOutput = "target/classes"
members = [".", "modules/zolt-build", "modules/zolt-ide", "modules/zolt-publish", "modules/zolt-quarkus", "modules/zolt-resolve"]
dependencies = []

[[package]]
id = "com.zolt:zolt-resolve"
version = "0.1.0-SNAPSHOT"
source = "workspace"
scope = "compile"
direct = true
workspace = "modules/zolt-resolve"
workspaceOutput = "target/classes"
members = [".", "modules/zolt-build", "modules/zolt-ide", "modules/zolt-quality", "modules/zolt-quarkus", "modules/zolt-selfhost", "modules/zolt-workspace"]
dependencies = []

[[package]]
id = "com.zolt:zolt-selfhost"
version = "0.1.0-SNAPSHOT"
source = "workspace"
scope = "compile"
direct = true
workspace = "modules/zolt-selfhost"
workspaceOutput = "target/classes"
members = ["."]
dependencies = []

[[package]]
id = "com.zolt:zolt-toml"
version = "0.1.0-SNAPSHOT"
source = "workspace"
scope = "compile"
direct = true
workspace = "modules/zolt-toml"
workspaceOutput = "target/classes"
members = [".", "modules/zolt-build", "modules/zolt-ide", "modules/zolt-policy", "modules/zolt-publish", "modules/zolt-quality", "modules/zolt-quarkus", "modules/zolt-resolve", "modules/zolt-selfhost", "modules/zolt-workspace"]
dependencies = []

[[package]]
id = "com.zolt:zolt-tree"
version = "0.1.0-SNAPSHOT"
source = "workspace"
scope = "compile"
direct = true
workspace = "modules/zolt-tree"
workspaceOutput = "target/classes"
members = ["."]
dependencies = []

[[package]]
id = "com.zolt:zolt-workspace"
version = "0.1.0-SNAPSHOT"
source = "workspace"
scope = "compile"
direct = true
workspace = "modules/zolt-workspace"
workspaceOutput = "target/classes"
members = [".", "modules/zolt-ide", "modules/zolt-quality", "modules/zolt-selfhost"]
dependencies = []

[[package]]
id = "info.picocli:picocli"
version = "4.7.6"
source = "maven-central"
scope = "compile"
direct = true
jar = "info/picocli/picocli/4.7.6/picocli-4.7.6.jar"
pom = "info/picocli/picocli/4.7.6/picocli-4.7.6.pom"
jarSha256 = "ed441183f309b93f104ca9e071e314a4062a893184e18a3c7ad72ec9cba12ba0"
pomSha256 = "2d2248cccf487ad9ce208dec751745df15cd1e1924a4cc3d36841b5f1990c6fb"
members = ["."]
dependencies = []

[[package]]
id = "io.quarkus:quarkus-builder"
version = "3.33.2"
source = "maven-central"
scope = "provided"
direct = true
jar = "io/quarkus/quarkus-builder/3.33.2/quarkus-builder-3.33.2.jar"
pom = "io/quarkus/quarkus-builder/3.33.2/quarkus-builder-3.33.2.pom"
jarSha256 = "2f10a8ee6d5ecfa0fc4b4d51f9ab0c2def7ec879128ce6f999ce9aa1b4ec4928"
pomSha256 = "8676462f2559cd6e51bff0e50afda15396a55ad9897ba1d7b9bdc6550cff6164"
members = ["modules/zolt-quarkus"]
dependencies = []

[[package]]
id = "io.quarkus:quarkus-core-deployment"
version = "3.33.2"
source = "maven-central"
scope = "provided"
direct = true
jar = "io/quarkus/quarkus-core-deployment/3.33.2/quarkus-core-deployment-3.33.2.jar"
pom = "io/quarkus/quarkus-core-deployment/3.33.2/quarkus-core-deployment-3.33.2.pom"
jarSha256 = "d73e8090cd13594f5e7ef7f9e8f5a5bbc2d1d7ba39f549b3814fff2498f144a0"
pomSha256 = "027af06e691fc12e1eeaedb3a9938a9a4e2cd6002b3c21f673b98244f02f4fad"
members = ["modules/zolt-quarkus"]
dependencies = []

[[package]]
id = "io.quarkus:quarkus-junit"
version = "3.33.2"
source = "maven-central"
scope = "provided"
direct = true
jar = "io/quarkus/quarkus-junit/3.33.2/quarkus-junit-3.33.2.jar"
pom = "io/quarkus/quarkus-junit/3.33.2/quarkus-junit-3.33.2.pom"
jarSha256 = "3ffe1fcae45fe825b2359764a19635c2fc34793465d89712ff44b9b845f8e5dd"
pomSha256 = "a0d599ce2e2c0eeeddbffb994a92d0805252a0dc081afbdd7a1a8df011b0f4a5"
members = ["modules/zolt-quarkus"]
dependencies = []

[[package]]
id = "io.smallrye:jandex"
version = "3.5.3"
source = "maven-central"
scope = "provided"
direct = true
jar = "io/smallrye/jandex/3.5.3/jandex-3.5.3.jar"
pom = "io/smallrye/jandex/3.5.3/jandex-3.5.3.pom"
jarSha256 = "45c2bf6d360cd9d4cb836273af712c5f9734e04b592030c12ac04601e60578a3"
pomSha256 = "47c886cb6c896a178c98b09be28db9571dc8e827d91efeb0004086e44163bb76"
members = ["modules/zolt-quarkus"]
dependencies = []

[[package]]
id = "org.antlr:antlr4-runtime"
version = "4.11.1"
source = "maven-central"
scope = "runtime"
direct = false
jar = "org/antlr/antlr4-runtime/4.11.1/antlr4-runtime-4.11.1.jar"
pom = "org/antlr/antlr4-runtime/4.11.1/antlr4-runtime-4.11.1.pom"
jarSha256 = "e06c6553c1ccc14d36052ec4b0fc6f13b808cf957b5b1dc3f61bf401996ada59"
pomSha256 = "c456ec2959078c591fbd7ef69ad9400a727920068d746989c74ab804ed681b34"
members = ["modules/zolt-config", "modules/zolt-explain", "modules/zolt-toml"]
dependencies = []

[[package]]
id = "org.checkerframework:checker-qual"
version = "3.21.2"
source = "maven-central"
scope = "runtime"
direct = false
jar = "org/checkerframework/checker-qual/3.21.2/checker-qual-3.21.2.jar"
pom = "org/checkerframework/checker-qual/3.21.2/checker-qual-3.21.2.pom"
jarSha256 = "7e8554c902b9b839e61396cfe3a64c84ecabfb8eb652c410bfd8e4f5c1a8ece8"
pomSha256 = "81c7d4709177f65a40bcd584d89a857f1ac389c545c5ae6940cb6f143723a395"
members = ["modules/zolt-config", "modules/zolt-explain", "modules/zolt-toml"]
dependencies = []

[[package]]
id = "org.junit.platform:junit-platform-console-standalone"
version = "1.11.4"
source = "maven-central"
scope = "test"
direct = true
jar = "org/junit/platform/junit-platform-console-standalone/1.11.4/junit-platform-console-standalone-1.11.4.jar"
pom = "org/junit/platform/junit-platform-console-standalone/1.11.4/junit-platform-console-standalone-1.11.4.pom"
jarSha256 = "b016ef6b1c3454d6d7c2c88ce081dabf289699686af6622d6e4e2e1b54b4a2fc"
pomSha256 = "f44619c18edb94360cc382e6baf943e9300625d1a0a949ee158977eace5713d1"
members = [".", "modules/zolt-build", "modules/zolt-config", "modules/zolt-explain", "modules/zolt-framework-api", "modules/zolt-ide", "modules/zolt-model", "modules/zolt-plan", "modules/zolt-policy", "modules/zolt-publish", "modules/zolt-quality", "modules/zolt-quarkus", "modules/zolt-release", "modules/zolt-repository", "modules/zolt-resolve", "modules/zolt-selfhost", "modules/zolt-toml", "modules/zolt-tree", "modules/zolt-workspace"]
dependencies = []

[[package]]
id = "org.tomlj:tomlj"
version = "1.1.1"
source = "maven-central"
scope = "compile"
direct = true
jar = "org/tomlj/tomlj/1.1.1/tomlj-1.1.1.jar"
pom = "org/tomlj/tomlj/1.1.1/tomlj-1.1.1.pom"
jarSha256 = "383b7c66966c42ee4913ec977a7b6573631866bddc5318ec4a6215b688dd0d6c"
pomSha256 = "1393089af1f9260c004c22313197cae9db1385ccbb30499a82d5a931d1762f66"
members = ["modules/zolt-config", "modules/zolt-explain", "modules/zolt-toml"]
exportedBy = ["modules/zolt-toml"]
dependencies = ["org.antlr:antlr4-runtime:4.11.1", "org.checkerframework:checker-qual:3.21.2"]

